# THIS IS AN AUTOGENERATED FILE. DO NOT EDIT THIS FILE DIRECTLY.
# yarn lockfile v1


retypeapp@^1.11.2:
  version "1.11.2"
  resolved "https://registry.yarnpkg.com/retypeapp/-/retypeapp-1.11.2.tgz#5b49e56786abe9690a1787e10c6d3bddd651bf47"
  integrity sha512-aHFjZ0+XiULjHXB8QyqIrzjDWw9SgJmRGznTnGRLwYVz2DjyLpgXb8tYBtEAvX8r/cn9FdmOGiwoyDYP9BXUng==
