# THIS IS AN AUTOGENERATED FILE. DO NOT EDIT THIS FILE DIRECTLY.
# yarn lockfile v1


retypeapp@^3.5.0:
  version "3.5.0"
  resolved "https://registry.yarnpkg.com/retypeapp/-/retypeapp-3.5.0.tgz#c4e3f93e9ed41f9078a1b996b286ce11a0a587e1"
  integrity sha512-YhHilXfKLXU2BCZ0lfj4tUVMrk8nUjkSCAoV52xIPfRfSKQQah9D5vn2Eiu+FUmeGGEB9gykr8UVi7CvjmiqbQ==
