# THIS IS AN AUTOGENERATED FILE. DO NOT EDIT THIS FILE DIRECTLY.
# yarn lockfile v1


retypeapp@^2.2.0:
  version "2.2.0"
  resolved "https://registry.yarnpkg.com/retypeapp/-/retypeapp-2.2.0.tgz#14567879d127948c5b1f05ea645397996eb32c9a"
  integrity sha512-S6fM2j6gEDLpVIenmbQU1b0O7G4QQd/GRP1pHxm2qjiXnXE8y2XKgADrDqif4RwmgwcjkQ5DYTd8nbM0hvZlyA==
